
Microsoft Visual Studio Solution File, Format Version 12.00
# Visual Studio 15
VisualStudioVersion = 15.0.26730.16
MinimumVisualStudioVersion = 10.0.40219.1
Project("{2150E333-8FDC-42A3-9474-1A3956D46DE8}") = "src", "src", "{C3B6CFC5-E385-4BF9-98F8-5B8BD91C4946}"
EndProject
Project("{2150E333-8FDC-42A3-9474-1A3956D46DE8}") = "test", "test", "{B326E5EF-1A80-4E91-95D0-B4D5B6BBE0E8}"
EndProject
Project("{9A19103F-16F7-4668-BE54-9A1E7A4F7556}") = "FlashReflection", "src\FlashReflection\FlashReflection.csproj", "{1198C86E-225D-4518-9275-4F6C32FC2280}"
EndProject
Project("{9A19103F-16F7-4668-BE54-9A1E7A4F7556}") = "FlashReflection.Test", "test\FlashReflection.Test\FlashReflection.Test.csproj", "{C957A38E-0F17-4F16-A9D5-288FEA23A424}"
EndProject
Project("{2150E333-8FDC-42A3-9474-1A3956D46DE8}") = "benchmarks", "benchmarks", "{D803A2A4-1C91-40ED-803A-A0B6645D1D88}"
EndProject
Project("{9A19103F-16F7-4668-BE54-9A1E7A4F7556}") = "FlashReflection.Benchmark", "benchmarks\FlashReflection.Benchmark\FlashReflection.Benchmark.csproj", "{937106E4-BC93-467B-B87F-2B723CD73B05}"
EndProject
Global
	GlobalSection(SolutionConfigurationPlatforms) = preSolution
		Debug|Any CPU = Debug|Any CPU
		Release|Any CPU = Release|Any CPU
	EndGlobalSection
	GlobalSection(ProjectConfigurationPlatforms) = postSolution
		{1198C86E-225D-4518-9275-4F6C32FC2280}.Debug|Any CPU.ActiveCfg = Debug|Any CPU
		{1198C86E-225D-4518-9275-4F6C32FC2280}.Debug|Any CPU.Build.0 = Debug|Any CPU
		{1198C86E-225D-4518-9275-4F6C32FC2280}.Release|Any CPU.ActiveCfg = Release|Any CPU
		{1198C86E-225D-4518-9275-4F6C32FC2280}.Release|Any CPU.Build.0 = Release|Any CPU
		{C957A38E-0F17-4F16-A9D5-288FEA23A424}.Debug|Any CPU.ActiveCfg = Debug|Any CPU
		{C957A38E-0F17-4F16-A9D5-288FEA23A424}.Debug|Any CPU.Build.0 = Debug|Any CPU
		{C957A38E-0F17-4F16-A9D5-288FEA23A424}.Release|Any CPU.ActiveCfg = Release|Any CPU
		{C957A38E-0F17-4F16-A9D5-288FEA23A424}.Release|Any CPU.Build.0 = Release|Any CPU
		{937106E4-BC93-467B-B87F-2B723CD73B05}.Debug|Any CPU.ActiveCfg = Debug|Any CPU
		{937106E4-BC93-467B-B87F-2B723CD73B05}.Debug|Any CPU.Build.0 = Debug|Any CPU
		{937106E4-BC93-467B-B87F-2B723CD73B05}.Release|Any CPU.ActiveCfg = Release|Any CPU
		{937106E4-BC93-467B-B87F-2B723CD73B05}.Release|Any CPU.Build.0 = Release|Any CPU
	EndGlobalSection
	GlobalSection(SolutionProperties) = preSolution
		HideSolutionNode = FALSE
	EndGlobalSection
	GlobalSection(NestedProjects) = preSolution
		{1198C86E-225D-4518-9275-4F6C32FC2280} = {C3B6CFC5-E385-4BF9-98F8-5B8BD91C4946}
		{C957A38E-0F17-4F16-A9D5-288FEA23A424} = {B326E5EF-1A80-4E91-95D0-B4D5B6BBE0E8}
		{937106E4-BC93-467B-B87F-2B723CD73B05} = {D803A2A4-1C91-40ED-803A-A0B6645D1D88}
	EndGlobalSection
	GlobalSection(ExtensibilityGlobals) = postSolution
		SolutionGuid = {6FFDCD80-0857-489D-ACDE-C58697318A70}
	EndGlobalSection
EndGlobal
